
Microsoft Visual Studio Solution File, Format Version 12.00
# Visual Studio Version 17
VisualStudioVersion = 17.4.33110.190
MinimumVisualStudioVersion = 10.0.40219.1
Project("{9A19103F-16F7-4668-BE54-9A1E7A4F7556}") = "backtapping", "backtapping\backtapping.csproj", "{9124D045-5CC0-4F54-9276-2308CC6ED8A8}"
EndProject
Global
	GlobalSection(SolutionConfigurationPlatforms) = preSolution
		Debug|Any CPU = Debug|Any CPU
		Release|Any CPU = Release|Any CPU
	EndGlobalSection
	GlobalSection(ProjectConfigurationPlatforms) = postSolution
		{9124D045-5CC0-4F54-9276-2308CC6ED8A8}.Debug|Any CPU.ActiveCfg = Debug|Any CPU
		{9124D045-5CC0-4F54-9276-2308CC6ED8A8}.Debug|Any CPU.Build.0 = Debug|Any CPU
		{9124D045-5CC0-4F54-9276-2308CC6ED8A8}.Release|Any CPU.ActiveCfg = Release|Any CPU
		{9124D045-5CC0-4F54-9276-2308CC6ED8A8}.Release|Any CPU.Build.0 = Release|Any CPU
	EndGlobalSection
	GlobalSection(SolutionProperties) = preSolution
		HideSolutionNode = FALSE
	EndGlobalSection
	GlobalSection(ExtensibilityGlobals) = postSolution
		SolutionGuid = {4EEEB946-4C55-448A-BAD0-71E8C8F85A87}
	EndGlobalSection
EndGlobal
